
Microsoft Visual Studio Solution File, Format Version 12.00
# Visual Studio Version 16
VisualStudioVersion = 16.0.30804.86
MinimumVisualStudioVersion = 10.0.40219.1
Project("{888888A0-9F3D-457C-B088-3A5042F75D52}") = "Л3 Задание 1", "Л3 Задание 1.pyproj", "{16C2527F-77E0-4684-B7BE-D6004C46F739}"
EndProject
Global
	GlobalSection(SolutionConfigurationPlatforms) = preSolution
		Debug|Any CPU = Debug|Any CPU
		Release|Any CPU = Release|Any CPU
	EndGlobalSection
	GlobalSection(ProjectConfigurationPlatforms) = postSolution
		{16C2527F-77E0-4684-B7BE-D6004C46F739}.Debug|Any CPU.ActiveCfg = Debug|Any CPU
		{16C2527F-77E0-4684-B7BE-D6004C46F739}.Release|Any CPU.ActiveCfg = Release|Any CPU
	EndGlobalSection
	GlobalSection(SolutionProperties) = preSolution
		HideSolutionNode = FALSE
	EndGlobalSection
	GlobalSection(ExtensibilityGlobals) = postSolution
		SolutionGuid = {C2FF0DD6-E7F4-4D2A-B3D9-95A26B1552F1}
	EndGlobalSection
EndGlobal
