
Microsoft Visual Studio Solution File, Format Version 12.00
# Visual Studio Version 16
VisualStudioVersion = 16.0.30804.86
MinimumVisualStudioVersion = 10.0.40219.1
Project("{888888A0-9F3D-457C-B088-3A5042F75D52}") = "Л3 Задание 2", "Л3 Задание 2.pyproj", "{052DF8EB-E0CC-4A40-9CE7-DCBB2D7AC02A}"
EndProject
Global
	GlobalSection(SolutionConfigurationPlatforms) = preSolution
		Debug|Any CPU = Debug|Any CPU
		Release|Any CPU = Release|Any CPU
	EndGlobalSection
	GlobalSection(ProjectConfigurationPlatforms) = postSolution
		{052DF8EB-E0CC-4A40-9CE7-DCBB2D7AC02A}.Debug|Any CPU.ActiveCfg = Debug|Any CPU
		{052DF8EB-E0CC-4A40-9CE7-DCBB2D7AC02A}.Release|Any CPU.ActiveCfg = Release|Any CPU
	EndGlobalSection
	GlobalSection(SolutionProperties) = preSolution
		HideSolutionNode = FALSE
	EndGlobalSection
	GlobalSection(ExtensibilityGlobals) = postSolution
		SolutionGuid = {BAAD31F1-086F-4170-9E9B-E90A08344891}
	EndGlobalSection
EndGlobal
